
Microsoft Visual Studio Solution File, Format Version 12.00
# Visual Studio Version 17
VisualStudioVersion = 17.4.33213.308
MinimumVisualStudioVersion = 10.0.40219.1
Project("{FAE04EC0-301F-11D3-BF4B-00C04F79EFBC}") = "YP_Windows_Manager", "YP Windows Manager(Laptop)\YP_Windows_Manager.csproj", "{010EC58C-F8F0-4016-87C9-06F870890E9F}"
EndProject
Global
	GlobalSection(SolutionConfigurationPlatforms) = preSolution
		Debug|Any CPU = Debug|Any CPU
		Release|Any CPU = Release|Any CPU
	EndGlobalSection
	GlobalSection(ProjectConfigurationPlatforms) = postSolution
		{010EC58C-F8F0-4016-87C9-06F870890E9F}.Debug|Any CPU.ActiveCfg = Debug|Any CPU
		{010EC58C-F8F0-4016-87C9-06F870890E9F}.Debug|Any CPU.Build.0 = Debug|Any CPU
		{010EC58C-F8F0-4016-87C9-06F870890E9F}.Release|Any CPU.ActiveCfg = Release|Any CPU
		{010EC58C-F8F0-4016-87C9-06F870890E9F}.Release|Any CPU.Build.0 = Release|Any CPU
	EndGlobalSection
	GlobalSection(SolutionProperties) = preSolution
		HideSolutionNode = FALSE
	EndGlobalSection
	GlobalSection(ExtensibilityGlobals) = postSolution
		SolutionGuid = {55D771C2-FD9A-459F-8596-1DFC4B640905}
	EndGlobalSection
EndGlobal
